
Microsoft Visual Studio Solution File, Format Version 12.00
# Visual Studio Version 17
VisualStudioVersion = 17.0.31903.59
MinimumVisualStudioVersion = 10.0.40219.1
Project("{2150E333-8FDC-42A3-9474-1A3956D46DE8}") = "src", "src", "{BFA92058-3E43-4CD9-8109-FB1A96238F7F}"
EndProject
Project("{2150E333-8FDC-42A3-9474-1A3956D46DE8}") = "BuildingBlocks", "BuildingBlocks", "{E6D1E925-6294-4D0B-998A-B337190138A8}"
EndProject
Project("{FAE04EC0-301F-11D3-BF4B-00C04F79EFBC}") = "Swd.Finstack.SharedKernel", "src\BuildingBlocks\Swd.Finstack.SharedKernel\Swd.Finstack.SharedKernel.csproj", "{8F808578-8FF2-400F-AAE7-8BECD38E64B3}"
EndProject
Project("{FAE04EC0-301F-11D3-BF4B-00C04F79EFBC}") = "Swd.Finstack.Contracts", "src\BuildingBlocks\Swd.Finstack.Contracts\Swd.Finstack.Contracts.csproj", "{6F01EE83-C070-489F-B660-B81097F10232}"
EndProject
Project("{FAE04EC0-301F-11D3-BF4B-00C04F79EFBC}") = "Swd.Finstack.Abstractions", "src\BuildingBlocks\Swd.Finstack.Abstractions\Swd.Finstack.Abstractions.csproj", "{0A762DAD-EF45-4B04-8C97-A48DB5667EC4}"
EndProject
Project("{2150E333-8FDC-42A3-9474-1A3956D46DE8}") = "Host", "Host", "{B6E5AAD5-DC4A-44F6-9950-9EB08CD803E2}"
EndProject
Project("{FAE04EC0-301F-11D3-BF4B-00C04F79EFBC}") = "Swd.Finstack.Api", "src\Host\Swd.Finstack.Api\Swd.Finstack.Api.csproj", "{3D20458F-055E-46AD-83BB-BE664C309642}"
EndProject
Project("{2150E333-8FDC-42A3-9474-1A3956D46DE8}") = "tests", "tests", "{D3E190D1-EC47-492B-A101-1DE69C02743E}"
EndProject
Project("{FAE04EC0-301F-11D3-BF4B-00C04F79EFBC}") = "Swd.Finstack.Tests", "tests\Swd.Finstack.Tests\Swd.Finstack.Tests.csproj", "{A4AABE14-0B2D-40AC-820F-2A9F4D18623B}"
EndProject
Project("{2150E333-8FDC-42A3-9474-1A3956D46DE8}") = "Modules", "Modules", "{A4D5C191-3866-42D7-B2B9-244F6AA4D251}"
EndProject
Project("{2150E333-8FDC-42A3-9474-1A3956D46DE8}") = "Audit", "Audit", "{A19B3DD2-2368-45B0-BBF5-E4C461A22730}"
EndProject
Project("{FAE04EC0-301F-11D3-BF4B-00C04F79EFBC}") = "Swd.Finstack.Audit.Domain", "src\Modules\Audit\Swd.Finstack.Audit.Domain\Swd.Finstack.Audit.Domain.csproj", "{CADDBFF4-8841-4407-BA03-823671882D85}"
EndProject
Project("{FAE04EC0-301F-11D3-BF4B-00C04F79EFBC}") = "Swd.Finstack.Audit.Application", "src\Modules\Audit\Swd.Finstack.Audit.Application\Swd.Finstack.Audit.Application.csproj", "{D56BEA6F-C200-414C-841C-61983BDFF133}"
EndProject
Project("{FAE04EC0-301F-11D3-BF4B-00C04F79EFBC}") = "Swd.Finstack.Audit.Infrastructure", "src\Modules\Audit\Swd.Finstack.Audit.Infrastructure\Swd.Finstack.Audit.Infrastructure.csproj", "{8DEEDF30-C32F-4E75-8174-F6D98B85389E}"
EndProject
Project("{2150E333-8FDC-42A3-9474-1A3956D46DE8}") = "Customers", "Customers", "{07230502-9FE0-4915-8CA1-F931AB7ECD70}"
EndProject
Project("{FAE04EC0-301F-11D3-BF4B-00C04F79EFBC}") = "Swd.Finstack.Customers.Domain", "src\Modules\Customers\Swd.Finstack.Customers.Domain\Swd.Finstack.Customers.Domain.csproj", "{0E31B335-C5A0-4F8A-9E5F-68FCF101937E}"
EndProject
Project("{FAE04EC0-301F-11D3-BF4B-00C04F79EFBC}") = "Swd.Finstack.Customers.Application", "src\Modules\Customers\Swd.Finstack.Customers.Application\Swd.Finstack.Customers.Application.csproj", "{677530A0-AF4F-4963-BAA6-BC4BB5F121E6}"
EndProject
Project("{FAE04EC0-301F-11D3-BF4B-00C04F79EFBC}") = "Swd.Finstack.Customers.Infrastructure", "src\Modules\Customers\Swd.Finstack.Customers.Infrastructure\Swd.Finstack.Customers.Infrastructure.csproj", "{537FBE8B-60C4-4227-AA94-0577C56FF19B}"
EndProject
Project("{2150E333-8FDC-42A3-9474-1A3956D46DE8}") = "Sales", "Sales", "{15BE6D74-AD8B-4111-8FFA-EF155E91D2C2}"
EndProject
Project("{FAE04EC0-301F-11D3-BF4B-00C04F79EFBC}") = "Swd.Finstack.Sales.Domain", "src\Modules\Sales\Swd.Finstack.Sales.Domain\Swd.Finstack.Sales.Domain.csproj", "{2241C961-948C-49F5-9A9C-F685511DDE87}"
EndProject
Project("{FAE04EC0-301F-11D3-BF4B-00C04F79EFBC}") = "Swd.Finstack.Sales.Application", "src\Modules\Sales\Swd.Finstack.Sales.Application\Swd.Finstack.Sales.Application.csproj", "{50CF47A7-339F-437E-B969-AF0C17EA83C4}"
EndProject
Project("{FAE04EC0-301F-11D3-BF4B-00C04F79EFBC}") = "Swd.Finstack.Sales.Infrastructure", "src\Modules\Sales\Swd.Finstack.Sales.Infrastructure\Swd.Finstack.Sales.Infrastructure.csproj", "{381AB57A-DD09-4DD4-BC7B-7C95D107B22B}"
EndProject
Project("{2150E333-8FDC-42A3-9474-1A3956D46DE8}") = "Billing", "Billing", "{257C4767-51EA-4EA8-9DA8-47B15BE5755B}"
EndProject
Project("{FAE04EC0-301F-11D3-BF4B-00C04F79EFBC}") = "Swd.Finstack.Billing.Domain", "src\Modules\Billing\Swd.Finstack.Billing.Domain\Swd.Finstack.Billing.Domain.csproj", "{80003085-42FE-4976-BAA0-E07F401F3A6A}"
EndProject
Project("{FAE04EC0-301F-11D3-BF4B-00C04F79EFBC}") = "Swd.Finstack.Billing.Application", "src\Modules\Billing\Swd.Finstack.Billing.Application\Swd.Finstack.Billing.Application.csproj", "{4E7C3275-4BC4-4F09-B49B-84A9307BACBA}"
EndProject
Project("{FAE04EC0-301F-11D3-BF4B-00C04F79EFBC}") = "Swd.Finstack.Billing.Infrastructure", "src\Modules\Billing\Swd.Finstack.Billing.Infrastructure\Swd.Finstack.Billing.Infrastructure.csproj", "{0A896920-1460-4C62-B039-1D1676C53582}"
EndProject
Project("{2150E333-8FDC-42A3-9474-1A3956D46DE8}") = "Payments", "Payments", "{6FBB3A26-2CDB-4E6E-B8B3-898E83C742A3}"
EndProject
Project("{FAE04EC0-301F-11D3-BF4B-00C04F79EFBC}") = "Swd.Finstack.Payments.Domain", "src\Modules\Payments\Swd.Finstack.Payments.Domain\Swd.Finstack.Payments.Domain.csproj", "{B5B908DE-CA9B-4516-AF80-4069B37F70F1}"
EndProject
Project("{FAE04EC0-301F-11D3-BF4B-00C04F79EFBC}") = "Swd.Finstack.Payments.Application", "src\Modules\Payments\Swd.Finstack.Payments.Application\Swd.Finstack.Payments.Application.csproj", "{B4A51BF7-522A-4B7F-B546-D8FBA67B23DF}"
EndProject
Project("{FAE04EC0-301F-11D3-BF4B-00C04F79EFBC}") = "Swd.Finstack.Payments.Infrastructure", "src\Modules\Payments\Swd.Finstack.Payments.Infrastructure\Swd.Finstack.Payments.Infrastructure.csproj", "{D931CF04-420B-44C3-8EB6-539524033613}"
EndProject
Project("{2150E333-8FDC-42A3-9474-1A3956D46DE8}") = "LicensingBridge", "LicensingBridge", "{7DBFC43E-B3C1-41AF-A771-85E29DD59F52}"
EndProject
Project("{FAE04EC0-301F-11D3-BF4B-00C04F79EFBC}") = "Swd.Finstack.LicensingBridge.Application", "src\Modules\LicensingBridge\Swd.Finstack.LicensingBridge.Application\Swd.Finstack.LicensingBridge.Application.csproj", "{75A342A4-4A60-471A-8979-08E53D93926D}"
EndProject
Project("{FAE04EC0-301F-11D3-BF4B-00C04F79EFBC}") = "Swd.Finstack.LicensingBridge.Infrastructure", "src\Modules\LicensingBridge\Swd.Finstack.LicensingBridge.Infrastructure\Swd.Finstack.LicensingBridge.Infrastructure.csproj", "{787A79E0-5442-4282-89AB-983C9FAFC3D6}"
EndProject
Global
	GlobalSection(SolutionConfigurationPlatforms) = preSolution
		Debug|Any CPU = Debug|Any CPU
		Release|Any CPU = Release|Any CPU
	EndGlobalSection
	GlobalSection(SolutionProperties) = preSolution
		HideSolutionNode = FALSE
	EndGlobalSection
	GlobalSection(ProjectConfigurationPlatforms) = postSolution
		{8F808578-8FF2-400F-AAE7-8BECD38E64B3}.Debug|Any CPU.ActiveCfg = Debug|Any CPU
		{8F808578-8FF2-400F-AAE7-8BECD38E64B3}.Debug|Any CPU.Build.0 = Debug|Any CPU
		{8F808578-8FF2-400F-AAE7-8BECD38E64B3}.Release|Any CPU.ActiveCfg = Release|Any CPU
		{8F808578-8FF2-400F-AAE7-8BECD38E64B3}.Release|Any CPU.Build.0 = Release|Any CPU
		{6F01EE83-C070-489F-B660-B81097F10232}.Debug|Any CPU.ActiveCfg = Debug|Any CPU
		{6F01EE83-C070-489F-B660-B81097F10232}.Debug|Any CPU.Build.0 = Debug|Any CPU
		{6F01EE83-C070-489F-B660-B81097F10232}.Release|Any CPU.ActiveCfg = Release|Any CPU
		{6F01EE83-C070-489F-B660-B81097F10232}.Release|Any CPU.Build.0 = Release|Any CPU
		{0A762DAD-EF45-4B04-8C97-A48DB5667EC4}.Debug|Any CPU.ActiveCfg = Debug|Any CPU
		{0A762DAD-EF45-4B04-8C97-A48DB5667EC4}.Debug|Any CPU.Build.0 = Debug|Any CPU
		{0A762DAD-EF45-4B04-8C97-A48DB5667EC4}.Release|Any CPU.ActiveCfg = Release|Any CPU
		{0A762DAD-EF45-4B04-8C97-A48DB5667EC4}.Release|Any CPU.Build.0 = Release|Any CPU
		{3D20458F-055E-46AD-83BB-BE664C309642}.Debug|Any CPU.ActiveCfg = Debug|Any CPU
		{3D20458F-055E-46AD-83BB-BE664C309642}.Debug|Any CPU.Build.0 = Debug|Any CPU
		{3D20458F-055E-46AD-83BB-BE664C309642}.Release|Any CPU.ActiveCfg = Release|Any CPU
		{3D20458F-055E-46AD-83BB-BE664C309642}.Release|Any CPU.Build.0 = Release|Any CPU
		{A4AABE14-0B2D-40AC-820F-2A9F4D18623B}.Debug|Any CPU.ActiveCfg = Debug|Any CPU
		{A4AABE14-0B2D-40AC-820F-2A9F4D18623B}.Debug|Any CPU.Build.0 = Debug|Any CPU
		{A4AABE14-0B2D-40AC-820F-2A9F4D18623B}.Release|Any CPU.ActiveCfg = Release|Any CPU
		{A4AABE14-0B2D-40AC-820F-2A9F4D18623B}.Release|Any CPU.Build.0 = Release|Any CPU
		{CADDBFF4-8841-4407-BA03-823671882D85}.Debug|Any CPU.ActiveCfg = Debug|Any CPU
		{CADDBFF4-8841-4407-BA03-823671882D85}.Debug|Any CPU.Build.0 = Debug|Any CPU
		{CADDBFF4-8841-4407-BA03-823671882D85}.Release|Any CPU.ActiveCfg = Release|Any CPU
		{CADDBFF4-8841-4407-BA03-823671882D85}.Release|Any CPU.Build.0 = Release|Any CPU
		{D56BEA6F-C200-414C-841C-61983BDFF133}.Debug|Any CPU.ActiveCfg = Debug|Any CPU
		{D56BEA6F-C200-414C-841C-61983BDFF133}.Debug|Any CPU.Build.0 = Debug|Any CPU
		{D56BEA6F-C200-414C-841C-61983BDFF133}.Release|Any CPU.ActiveCfg = Release|Any CPU
		{D56BEA6F-C200-414C-841C-61983BDFF133}.Release|Any CPU.Build.0 = Release|Any CPU
		{8DEEDF30-C32F-4E75-8174-F6D98B85389E}.Debug|Any CPU.ActiveCfg = Debug|Any CPU
		{8DEEDF30-C32F-4E75-8174-F6D98B85389E}.Debug|Any CPU.Build.0 = Debug|Any CPU
		{8DEEDF30-C32F-4E75-8174-F6D98B85389E}.Release|Any CPU.ActiveCfg = Release|Any CPU
		{8DEEDF30-C32F-4E75-8174-F6D98B85389E}.Release|Any CPU.Build.0 = Release|Any CPU
		{0E31B335-C5A0-4F8A-9E5F-68FCF101937E}.Debug|Any CPU.ActiveCfg = Debug|Any CPU
		{0E31B335-C5A0-4F8A-9E5F-68FCF101937E}.Debug|Any CPU.Build.0 = Debug|Any CPU
		{0E31B335-C5A0-4F8A-9E5F-68FCF101937E}.Release|Any CPU.ActiveCfg = Release|Any CPU
		{0E31B335-C5A0-4F8A-9E5F-68FCF101937E}.Release|Any CPU.Build.0 = Release|Any CPU
		{677530A0-AF4F-4963-BAA6-BC4BB5F121E6}.Debug|Any CPU.ActiveCfg = Debug|Any CPU
		{677530A0-AF4F-4963-BAA6-BC4BB5F121E6}.Debug|Any CPU.Build.0 = Debug|Any CPU
		{677530A0-AF4F-4963-BAA6-BC4BB5F121E6}.Release|Any CPU.ActiveCfg = Release|Any CPU
		{677530A0-AF4F-4963-BAA6-BC4BB5F121E6}.Release|Any CPU.Build.0 = Release|Any CPU
		{537FBE8B-60C4-4227-AA94-0577C56FF19B}.Debug|Any CPU.ActiveCfg = Debug|Any CPU
		{537FBE8B-60C4-4227-AA94-0577C56FF19B}.Debug|Any CPU.Build.0 = Debug|Any CPU
		{537FBE8B-60C4-4227-AA94-0577C56FF19B}.Release|Any CPU.ActiveCfg = Release|Any CPU
		{537FBE8B-60C4-4227-AA94-0577C56FF19B}.Release|Any CPU.Build.0 = Release|Any CPU
		{2241C961-948C-49F5-9A9C-F685511DDE87}.Debug|Any CPU.ActiveCfg = Debug|Any CPU
		{2241C961-948C-49F5-9A9C-F685511DDE87}.Debug|Any CPU.Build.0 = Debug|Any CPU
		{2241C961-948C-49F5-9A9C-F685511DDE87}.Release|Any CPU.ActiveCfg = Release|Any CPU
		{2241C961-948C-49F5-9A9C-F685511DDE87}.Release|Any CPU.Build.0 = Release|Any CPU
		{50CF47A7-339F-437E-B969-AF0C17EA83C4}.Debug|Any CPU.ActiveCfg = Debug|Any CPU
		{50CF47A7-339F-437E-B969-AF0C17EA83C4}.Debug|Any CPU.Build.0 = Debug|Any CPU
		{50CF47A7-339F-437E-B969-AF0C17EA83C4}.Release|Any CPU.ActiveCfg = Release|Any CPU
		{50CF47A7-339F-437E-B969-AF0C17EA83C4}.Release|Any CPU.Build.0 = Release|Any CPU
		{381AB57A-DD09-4DD4-BC7B-7C95D107B22B}.Debug|Any CPU.ActiveCfg = Debug|Any CPU
		{381AB57A-DD09-4DD4-BC7B-7C95D107B22B}.Debug|Any CPU.Build.0 = Debug|Any CPU
		{381AB57A-DD09-4DD4-BC7B-7C95D107B22B}.Release|Any CPU.ActiveCfg = Release|Any CPU
		{381AB57A-DD09-4DD4-BC7B-7C95D107B22B}.Release|Any CPU.Build.0 = Release|Any CPU
		{80003085-42FE-4976-BAA0-E07F401F3A6A}.Debug|Any CPU.ActiveCfg = Debug|Any CPU
		{80003085-42FE-4976-BAA0-E07F401F3A6A}.Debug|Any CPU.Build.0 = Debug|Any CPU
		{80003085-42FE-4976-BAA0-E07F401F3A6A}.Release|Any CPU.ActiveCfg = Release|Any CPU
		{80003085-42FE-4976-BAA0-E07F401F3A6A}.Release|Any CPU.Build.0 = Release|Any CPU
		{4E7C3275-4BC4-4F09-B49B-84A9307BACBA}.Debug|Any CPU.ActiveCfg = Debug|Any CPU
		{4E7C3275-4BC4-4F09-B49B-84A9307BACBA}.Debug|Any CPU.Build.0 = Debug|Any CPU
		{4E7C3275-4BC4-4F09-B49B-84A9307BACBA}.Release|Any CPU.ActiveCfg = Release|Any CPU
		{4E7C3275-4BC4-4F09-B49B-84A9307BACBA}.Release|Any CPU.Build.0 = Release|Any CPU
		{0A896920-1460-4C62-B039-1D1676C53582}.Debug|Any CPU.ActiveCfg = Debug|Any CPU
		{0A896920-1460-4C62-B039-1D1676C53582}.Debug|Any CPU.Build.0 = Debug|Any CPU
		{0A896920-1460-4C62-B039-1D1676C53582}.Release|Any CPU.ActiveCfg = Release|Any CPU
		{0A896920-1460-4C62-B039-1D1676C53582}.Release|Any CPU.Build.0 = Release|Any CPU
		{B5B908DE-CA9B-4516-AF80-4069B37F70F1}.Debug|Any CPU.ActiveCfg = Debug|Any CPU
		{B5B908DE-CA9B-4516-AF80-4069B37F70F1}.Debug|Any CPU.Build.0 = Debug|Any CPU
		{B5B908DE-CA9B-4516-AF80-4069B37F70F1}.Release|Any CPU.ActiveCfg = Release|Any CPU
		{B5B908DE-CA9B-4516-AF80-4069B37F70F1}.Release|Any CPU.Build.0 = Release|Any CPU
		{B4A51BF7-522A-4B7F-B546-D8FBA67B23DF}.Debug|Any CPU.ActiveCfg = Debug|Any CPU
		{B4A51BF7-522A-4B7F-B546-D8FBA67B23DF}.Debug|Any CPU.Build.0 = Debug|Any CPU
		{B4A51BF7-522A-4B7F-B546-D8FBA67B23DF}.Release|Any CPU.ActiveCfg = Release|Any CPU
		{B4A51BF7-522A-4B7F-B546-D8FBA67B23DF}.Release|Any CPU.Build.0 = Release|Any CPU
		{D931CF04-420B-44C3-8EB6-539524033613}.Debug|Any CPU.ActiveCfg = Debug|Any CPU
		{D931CF04-420B-44C3-8EB6-539524033613}.Debug|Any CPU.Build.0 = Debug|Any CPU
		{D931CF04-420B-44C3-8EB6-539524033613}.Release|Any CPU.ActiveCfg = Release|Any CPU
		{D931CF04-420B-44C3-8EB6-539524033613}.Release|Any CPU.Build.0 = Release|Any CPU
		{75A342A4-4A60-471A-8979-08E53D93926D}.Debug|Any CPU.ActiveCfg = Debug|Any CPU
		{75A342A4-4A60-471A-8979-08E53D93926D}.Debug|Any CPU.Build.0 = Debug|Any CPU
		{75A342A4-4A60-471A-8979-08E53D93926D}.Release|Any CPU.ActiveCfg = Release|Any CPU
		{75A342A4-4A60-471A-8979-08E53D93926D}.Release|Any CPU.Build.0 = Release|Any CPU
		{787A79E0-5442-4282-89AB-983C9FAFC3D6}.Debug|Any CPU.ActiveCfg = Debug|Any CPU
		{787A79E0-5442-4282-89AB-983C9FAFC3D6}.Debug|Any CPU.Build.0 = Debug|Any CPU
		{787A79E0-5442-4282-89AB-983C9FAFC3D6}.Release|Any CPU.ActiveCfg = Release|Any CPU
		{787A79E0-5442-4282-89AB-983C9FAFC3D6}.Release|Any CPU.Build.0 = Release|Any CPU
	EndGlobalSection
	GlobalSection(NestedProjects) = preSolution
		{E6D1E925-6294-4D0B-998A-B337190138A8} = {BFA92058-3E43-4CD9-8109-FB1A96238F7F}
		{8F808578-8FF2-400F-AAE7-8BECD38E64B3} = {E6D1E925-6294-4D0B-998A-B337190138A8}
		{6F01EE83-C070-489F-B660-B81097F10232} = {E6D1E925-6294-4D0B-998A-B337190138A8}
		{0A762DAD-EF45-4B04-8C97-A48DB5667EC4} = {E6D1E925-6294-4D0B-998A-B337190138A8}
		{B6E5AAD5-DC4A-44F6-9950-9EB08CD803E2} = {BFA92058-3E43-4CD9-8109-FB1A96238F7F}
		{3D20458F-055E-46AD-83BB-BE664C309642} = {B6E5AAD5-DC4A-44F6-9950-9EB08CD803E2}
		{A4AABE14-0B2D-40AC-820F-2A9F4D18623B} = {D3E190D1-EC47-492B-A101-1DE69C02743E}
		{A4D5C191-3866-42D7-B2B9-244F6AA4D251} = {BFA92058-3E43-4CD9-8109-FB1A96238F7F}
		{A19B3DD2-2368-45B0-BBF5-E4C461A22730} = {A4D5C191-3866-42D7-B2B9-244F6AA4D251}
		{CADDBFF4-8841-4407-BA03-823671882D85} = {A19B3DD2-2368-45B0-BBF5-E4C461A22730}
		{D56BEA6F-C200-414C-841C-61983BDFF133} = {A19B3DD2-2368-45B0-BBF5-E4C461A22730}
		{8DEEDF30-C32F-4E75-8174-F6D98B85389E} = {A19B3DD2-2368-45B0-BBF5-E4C461A22730}
		{07230502-9FE0-4915-8CA1-F931AB7ECD70} = {A4D5C191-3866-42D7-B2B9-244F6AA4D251}
		{0E31B335-C5A0-4F8A-9E5F-68FCF101937E} = {07230502-9FE0-4915-8CA1-F931AB7ECD70}
		{677530A0-AF4F-4963-BAA6-BC4BB5F121E6} = {07230502-9FE0-4915-8CA1-F931AB7ECD70}
		{537FBE8B-60C4-4227-AA94-0577C56FF19B} = {07230502-9FE0-4915-8CA1-F931AB7ECD70}
		{15BE6D74-AD8B-4111-8FFA-EF155E91D2C2} = {A4D5C191-3866-42D7-B2B9-244F6AA4D251}
		{2241C961-948C-49F5-9A9C-F685511DDE87} = {15BE6D74-AD8B-4111-8FFA-EF155E91D2C2}
		{50CF47A7-339F-437E-B969-AF0C17EA83C4} = {15BE6D74-AD8B-4111-8FFA-EF155E91D2C2}
		{381AB57A-DD09-4DD4-BC7B-7C95D107B22B} = {15BE6D74-AD8B-4111-8FFA-EF155E91D2C2}
		{257C4767-51EA-4EA8-9DA8-47B15BE5755B} = {A4D5C191-3866-42D7-B2B9-244F6AA4D251}
		{80003085-42FE-4976-BAA0-E07F401F3A6A} = {257C4767-51EA-4EA8-9DA8-47B15BE5755B}
		{4E7C3275-4BC4-4F09-B49B-84A9307BACBA} = {257C4767-51EA-4EA8-9DA8-47B15BE5755B}
		{0A896920-1460-4C62-B039-1D1676C53582} = {257C4767-51EA-4EA8-9DA8-47B15BE5755B}
		{6FBB3A26-2CDB-4E6E-B8B3-898E83C742A3} = {A4D5C191-3866-42D7-B2B9-244F6AA4D251}
		{B5B908DE-CA9B-4516-AF80-4069B37F70F1} = {6FBB3A26-2CDB-4E6E-B8B3-898E83C742A3}
		{B4A51BF7-522A-4B7F-B546-D8FBA67B23DF} = {6FBB3A26-2CDB-4E6E-B8B3-898E83C742A3}
		{D931CF04-420B-44C3-8EB6-539524033613} = {6FBB3A26-2CDB-4E6E-B8B3-898E83C742A3}
		{7DBFC43E-B3C1-41AF-A771-85E29DD59F52} = {A4D5C191-3866-42D7-B2B9-244F6AA4D251}
		{75A342A4-4A60-471A-8979-08E53D93926D} = {7DBFC43E-B3C1-41AF-A771-85E29DD59F52}
		{787A79E0-5442-4282-89AB-983C9FAFC3D6} = {7DBFC43E-B3C1-41AF-A771-85E29DD59F52}
	EndGlobalSection
EndGlobal
